{
  "requires": true,
  "lockfileVersion": 1,
  "dependencies": {
    "debug": {
      "version": "4.3.3",
      "resolved": "https://registry.npmjs.org/debug/-/debug-4.3.3.tgz",
      "integrity": "sha512-/zxw5+vh1Tfv+4Qn7a5nsbcJKPaSvCDhojn6FEl9vupwK2VCSDtEiEtqr8DFtzYFOdz63LBkxec7DYuc2jon6Q==",
      "requires": {
        "ms": "2.1.2"
      }
    },
    "doublylinked": {
      "version": "2.4.4",
      "resolved": "https://registry.npmjs.org/doublylinked/-/doublylinked-2.4.4.tgz",
      "integrity": "sha512-2e2OIX6ibv1Q0djl29AZ7kX8H43aX/FyFnS9zN4sfCFRzWVzKqX3TlABTuzati6OwHly0EGIGj8HbKpkwdBJ7w=="
    },
    "lightning-pool": {
      "version": "3.1.3",
      "resolved": "https://registry.npmjs.org/lightning-pool/-/lightning-pool-3.1.3.tgz",
      "integrity": "sha512-OgWuoh0BBrikWx/mc/XwIKwC9HHTe/GU3XODLMBPibv7jv8u0o2gQFS7KVEg5U8Oufg6N7mkm8Y1RoiLER0zeQ==",
      "requires": {
        "doublylinked": "^2.4.3",
        "putil-promisify": "^1.8.2"
      }
    },
    "ms": {
      "version": "2.1.2",
      "resolved": "https://registry.npmjs.org/ms/-/ms-2.1.2.tgz",
      "integrity": "sha512-sGkPx+VjMtmA6MX27oA4FBFELFCZZ4S4XqeGOXCv68tT+jb3vk/RyaKWP0PTKyWtmLSM0b+adUTEvbs1PEaH2w=="
    },
    "obuf": {
      "version": "1.1.2",
      "resolved": "https://registry.npmjs.org/obuf/-/obuf-1.1.2.tgz",
      "integrity": "sha512-PX1wu0AmAdPqOL1mWhqmlOd8kOIZQwGZw6rh7uby9fTc5lhaOWFLX3I6R1hrF9k3zUY40e6igsLGkDXK92LJNg=="
    },
    "postgres-bytea": {
      "version": "3.0.0",
      "resolved": "https://registry.npmjs.org/postgres-bytea/-/postgres-bytea-3.0.0.tgz",
      "integrity": "sha512-CNd4jim9RFPkObHSjVHlVrxoVQXz7quwNFpz7RY1okNNme49+sVyiTvTRobiLV548Hx/hb1BG+iE7h9493WzFw==",
      "requires": {
        "obuf": "~1.1.2"
      }
    },
    "postgresql-client": {
      "version": "1.21.2",
      "resolved": "https://registry.npmjs.org/postgresql-client/-/postgresql-client-1.21.2.tgz",
      "integrity": "sha512-lL+Qyzt+wctkvcDQxRLCAj1V18RUBkTTushvBR0EAOGlxORtiePykaJ1RFvG1qX7J/MI+ZaprqqYU9y5oYJbQw==",
      "requires": {
        "debug": "^4.3.1",
        "doublylinked": "^2.4.3",
        "lightning-pool": "^3.1.0",
        "postgres-bytea": "^3.0.0",
        "putil-merge": "^3.6.4",
        "putil-promisify": "^1.8.2",
        "putil-taskqueue": "^2.5.1",
        "putil-varhelpers": "^1.6.0"
      }
    },
    "putil-merge": {
      "version": "3.7.0",
      "resolved": "https://registry.npmjs.org/putil-merge/-/putil-merge-3.7.0.tgz",
      "integrity": "sha512-FlTQmWcH0MF8V5RR8FpaK+andapu4aBbBbGVubeeO0Kn3I9WTFSfL1aKg6PhpkJBPXA3r1z2+cLdt3SoUjTWTw=="
    },
    "putil-promisify": {
      "version": "1.8.5",
      "resolved": "https://registry.npmjs.org/putil-promisify/-/putil-promisify-1.8.5.tgz",
      "integrity": "sha512-DItclasWWZokvpq3Aiaq0iV7WC8isP/0o/8mhC0yV6CQ781N/7NQHA1VyOm6hfpeFEwIQoo1C4Yjc5eH0q6Jbw=="
    },
    "putil-taskqueue": {
      "version": "2.5.4",
      "resolved": "https://registry.npmjs.org/putil-taskqueue/-/putil-taskqueue-2.5.4.tgz",
      "integrity": "sha512-T6TcTlMt7/Rl6YVRLF32S0eh1HDK1gs5dSKRqAt6d5r8ijwjvI42MFzPYfFOFj0lDCGFka2SGzAaO25LZyfsQQ==",
      "requires": {
        "doublylinked": "^2.4.0"
      }
    },
    "putil-varhelpers": {
      "version": "1.6.3",
      "resolved": "https://registry.npmjs.org/putil-varhelpers/-/putil-varhelpers-1.6.3.tgz",
      "integrity": "sha512-dLiMWlnUXp44tGZzHZNN8YpBuVPwXIcEgCv0hUDJR5S+uZ8yigKUu25mhE9zlbVbsVK8lgwewW3MB/WnQYp6Jw=="
    }
  }
}
